
Microsoft Visual Studio Solution File, Format Version 12.00
# Visual Studio Version 16
VisualStudioVersion = 16.0.29306.81
MinimumVisualStudioVersion = 10.0.40219.1
Project("{FAE04EC0-301F-11D3-BF4B-00C04F79EFBC}") = "Eboks.UIPath.Lib", "Eboks.UIPath.Lib\Eboks.UIPath.Lib.csproj", "{223CA76B-FD1B-473D-9CBB-0403F8C42107}"
EndProject
Global
	GlobalSection(SolutionConfigurationPlatforms) = preSolution
		Debug|Any CPU = Debug|Any CPU
		Release|Any CPU = Release|Any CPU
	EndGlobalSection
	GlobalSection(ProjectConfigurationPlatforms) = postSolution
		{223CA76B-FD1B-473D-9CBB-0403F8C42107}.Debug|Any CPU.ActiveCfg = Debug|Any CPU
		{223CA76B-FD1B-473D-9CBB-0403F8C42107}.Debug|Any CPU.Build.0 = Debug|Any CPU
		{223CA76B-FD1B-473D-9CBB-0403F8C42107}.Release|Any CPU.ActiveCfg = Release|Any CPU
		{223CA76B-FD1B-473D-9CBB-0403F8C42107}.Release|Any CPU.Build.0 = Release|Any CPU
	EndGlobalSection
	GlobalSection(SolutionProperties) = preSolution
		HideSolutionNode = FALSE
	EndGlobalSection
	GlobalSection(ExtensibilityGlobals) = postSolution
		SolutionGuid = {4222955D-8045-493B-A2D2-49A0F78B0BA8}
	EndGlobalSection
EndGlobal
